<Solution>
  <Folder Name="/src/">
    <Project Path="src/FrenchExDev.Net.Wrapper.Versioning/FrenchExDev.Net.Wrapper.Versioning.csproj" />
  </Folder>
  <Folder Name="/test/">
    <Project Path="test/FrenchExDev.Net.Wrapper.Versioning.Tests/FrenchExDev.Net.Wrapper.Versioning.Tests.csproj" />
  </Folder>
</Solution>
