<Solution>
  <Folder Name="/src/">
    <Project Path="src/FrenchExDev.Net.Git/FrenchExDev.Net.Git.csproj" />
    <Project Path="src/FrenchExDev.Net.Git.Design/FrenchExDev.Net.Git.Design.csproj" />
  </Folder>
  <Folder Name="/test/">
    <Project Path="test/FrenchExDev.Net.Git.Tests/FrenchExDev.Net.Git.Tests.csproj" />
  </Folder>
</Solution>
