<Solution>
  <Folder Name="/src/">
    <Project Path="src/FrenchExDev.Net.JsonSchema.Design/FrenchExDev.Net.JsonSchema.Design.csproj" />
  </Folder>
  <Folder Name="/test/">
    <Project Path="test/FrenchExDev.Net.JsonSchema.Design.Tests/FrenchExDev.Net.JsonSchema.Design.Tests.csproj" />
  </Folder>
</Solution>
