<Solution>
  <Folder Name="/src/">
    <Project Path="src/FrenchExDev.Net.Diem/FrenchExDev.Net.Diem.csproj" />
    <Project Path="src/FrenchExDev.Net.Diem.Content.Parts/FrenchExDev.Net.Diem.Content.Parts.csproj" />
    <Project Path="src/FrenchExDev.Net.Diem.Content.Parts.Attributes/FrenchExDev.Net.Diem.Content.Parts.Attributes.csproj" />
    <Project Path="src/FrenchExDev.Net.Diem.Content.Parts.SourceGenerator/FrenchExDev.Net.Diem.Content.Parts.SourceGenerator.csproj" />
    <Project Path="src/FrenchExDev.Net.Diem.Content.Parts.Design/FrenchExDev.Net.Diem.Content.Parts.Design.csproj" />
    <Project Path="src/FrenchExDev.Net.Diem.Content.Blocks/FrenchExDev.Net.Diem.Content.Blocks.csproj" />
    <Project Path="src/FrenchExDev.Net.Diem.Content.Blocks.Attributes/FrenchExDev.Net.Diem.Content.Blocks.Attributes.csproj" />
    <Project Path="src/FrenchExDev.Net.Diem.Content.Blocks.SourceGenerator/FrenchExDev.Net.Diem.Content.Blocks.SourceGenerator.csproj" />
    <Project Path="src/FrenchExDev.Net.Diem.Content.Blocks.Design/FrenchExDev.Net.Diem.Content.Blocks.Design.csproj" />
    <Project Path="src/FrenchExDev.Net.Diem.Content.StreamFields/FrenchExDev.Net.Diem.Content.StreamFields.csproj" />
    <Project Path="src/FrenchExDev.Net.Diem.Content.StreamFields.Attributes/FrenchExDev.Net.Diem.Content.StreamFields.Attributes.csproj" />
    <Project Path="src/FrenchExDev.Net.Diem.Content.StreamFields.SourceGenerator/FrenchExDev.Net.Diem.Content.StreamFields.SourceGenerator.csproj" />
    <Project Path="src/FrenchExDev.Net.Diem.Admin.Lists/FrenchExDev.Net.Diem.Admin.Lists.csproj" />
    <Project Path="src/FrenchExDev.Net.Diem.Admin.Lists.Attributes/FrenchExDev.Net.Diem.Admin.Lists.Attributes.csproj" />
    <Project Path="src/FrenchExDev.Net.Diem.Admin.Lists.SourceGenerator/FrenchExDev.Net.Diem.Admin.Lists.SourceGenerator.csproj" />
    <Project Path="src/FrenchExDev.Net.Diem.Admin.Forms/FrenchExDev.Net.Diem.Admin.Forms.csproj" />
    <Project Path="src/FrenchExDev.Net.Diem.Admin.Forms.Attributes/FrenchExDev.Net.Diem.Admin.Forms.Attributes.csproj" />
    <Project Path="src/FrenchExDev.Net.Diem.Admin.Forms.SourceGenerator/FrenchExDev.Net.Diem.Admin.Forms.SourceGenerator.csproj" />
    <Project Path="src/FrenchExDev.Net.Diem.Admin.Actions/FrenchExDev.Net.Diem.Admin.Actions.csproj" />
    <Project Path="src/FrenchExDev.Net.Diem.Admin.Actions.Attributes/FrenchExDev.Net.Diem.Admin.Actions.Attributes.csproj" />
    <Project Path="src/FrenchExDev.Net.Diem.Admin.Actions.SourceGenerator/FrenchExDev.Net.Diem.Admin.Actions.SourceGenerator.csproj" />
    <Project Path="src/FrenchExDev.Net.Diem.Admin.Design/FrenchExDev.Net.Diem.Admin.Design.csproj" />
    <Project Path="src/FrenchExDev.Net.Diem.Pages.Widgets/FrenchExDev.Net.Diem.Pages.Widgets.csproj" />
    <Project Path="src/FrenchExDev.Net.Diem.Pages.Widgets.Attributes/FrenchExDev.Net.Diem.Pages.Widgets.Attributes.csproj" />
    <Project Path="src/FrenchExDev.Net.Diem.Pages.Widgets.SourceGenerator/FrenchExDev.Net.Diem.Pages.Widgets.SourceGenerator.csproj" />
    <Project Path="src/FrenchExDev.Net.Diem.Pages.Widgets.Design/FrenchExDev.Net.Diem.Pages.Widgets.Design.csproj" />
    <Project Path="src/FrenchExDev.Net.Diem.Pages.Layouts/FrenchExDev.Net.Diem.Pages.Layouts.csproj" />
    <Project Path="src/FrenchExDev.Net.Diem.Pages.Layouts.Attributes/FrenchExDev.Net.Diem.Pages.Layouts.Attributes.csproj" />
    <Project Path="src/FrenchExDev.Net.Diem.Pages.Routing/FrenchExDev.Net.Diem.Pages.Routing.csproj" />
    <Project Path="src/FrenchExDev.Net.Diem.Pages.Routing.Attributes/FrenchExDev.Net.Diem.Pages.Routing.Attributes.csproj" />
    <Project Path="src/FrenchExDev.Net.Diem.Pages.Design/FrenchExDev.Net.Diem.Pages.Design.csproj" />
    <Project Path="src/FrenchExDev.Net.Diem.Workflow.StateMachine/FrenchExDev.Net.Diem.Workflow.StateMachine.csproj" />
    <Project Path="src/FrenchExDev.Net.Diem.Workflow.StateMachine.Attributes/FrenchExDev.Net.Diem.Workflow.StateMachine.Attributes.csproj" />
    <Project Path="src/FrenchExDev.Net.Diem.Workflow.StateMachine.SourceGenerator/FrenchExDev.Net.Diem.Workflow.StateMachine.SourceGenerator.csproj" />
    <Project Path="src/FrenchExDev.Net.Diem.Workflow.Gates/FrenchExDev.Net.Diem.Workflow.Gates.csproj" />
    <Project Path="src/FrenchExDev.Net.Diem.Workflow.Gates.Attributes/FrenchExDev.Net.Diem.Workflow.Gates.Attributes.csproj" />
    <Project Path="src/FrenchExDev.Net.Diem.Workflow.Gates.SourceGenerator/FrenchExDev.Net.Diem.Workflow.Gates.SourceGenerator.csproj" />
    <Project Path="src/FrenchExDev.Net.Diem.Workflow.Scheduling/FrenchExDev.Net.Diem.Workflow.Scheduling.csproj" />
    <Project Path="src/FrenchExDev.Net.Diem.Workflow.Scheduling.Attributes/FrenchExDev.Net.Diem.Workflow.Scheduling.Attributes.csproj" />
    <Project Path="src/FrenchExDev.Net.Diem.Workflow.Locales/FrenchExDev.Net.Diem.Workflow.Locales.csproj" />
    <Project Path="src/FrenchExDev.Net.Diem.Workflow.Locales.Attributes/FrenchExDev.Net.Diem.Workflow.Locales.Attributes.csproj" />
    <Project Path="src/FrenchExDev.Net.Diem.Workflow.Design/FrenchExDev.Net.Diem.Workflow.Design.csproj" />
    <Project Path="src/FrenchExDev.Net.Diem.Media/FrenchExDev.Net.Diem.Media.csproj" />
    <Project Path="src/FrenchExDev.Net.Diem.Media.Minio/FrenchExDev.Net.Diem.Media.Minio.csproj" />
    <Project Path="src/FrenchExDev.Net.Diem.Media.FileSystem/FrenchExDev.Net.Diem.Media.FileSystem.csproj" />
    <Project Path="src/FrenchExDev.Net.Diem.Search/FrenchExDev.Net.Diem.Search.csproj" />
    <Project Path="src/FrenchExDev.Net.Diem.Search.Lucene/FrenchExDev.Net.Diem.Search.Lucene.csproj" />
    <Project Path="src/FrenchExDev.Net.Diem.Identity/FrenchExDev.Net.Diem.Identity.csproj" />
    <Project Path="src/FrenchExDev.Net.Diem.Caching/FrenchExDev.Net.Diem.Caching.csproj" />
    <Project Path="src/FrenchExDev.Net.Diem.Metrics/FrenchExDev.Net.Diem.Metrics.csproj" />
    <Project Path="src/FrenchExDev.Net.Diem.RealTime/FrenchExDev.Net.Diem.RealTime.csproj" />
    <Project Path="src/FrenchExDev.Net.Diem.Notifications/FrenchExDev.Net.Diem.Notifications.csproj" />
    <Project Path="src/FrenchExDev.Net.Diem.Cli/FrenchExDev.Net.Diem.Cli.csproj" />
    <Project Path="src/FrenchExDev.Net.Diem.Cli.Lib/FrenchExDev.Net.Diem.Cli.Lib.csproj" />
    <Project Path="src/FrenchExDev.Net.Diem.Aspire.AppHost/FrenchExDev.Net.Diem.Aspire.AppHost.csproj" />
    <Project Path="src/FrenchExDev.Net.Diem.Aspire.ServiceDefaults/FrenchExDev.Net.Diem.Aspire.ServiceDefaults.csproj" />
  </Folder>
  <Folder Name="/test/">
    <Project Path="test/FrenchExDev.Net.Diem.Tests/FrenchExDev.Net.Diem.Tests.csproj" />
    <Project Path="test/FrenchExDev.Net.Diem.Content.Tests/FrenchExDev.Net.Diem.Content.Tests.csproj" />
    <Project Path="test/FrenchExDev.Net.Diem.Admin.Tests/FrenchExDev.Net.Diem.Admin.Tests.csproj" />
    <Project Path="test/FrenchExDev.Net.Diem.Pages.Tests/FrenchExDev.Net.Diem.Pages.Tests.csproj" />
    <Project Path="test/FrenchExDev.Net.Diem.Workflow.Tests/FrenchExDev.Net.Diem.Workflow.Tests.csproj" />
    <Project Path="test/FrenchExDev.Net.Diem.Cli.Tests/FrenchExDev.Net.Diem.Cli.Tests.csproj" />
  </Folder>
</Solution>
